{
  "object": {
    "pins": [
      {
        "package": "Nimble",
        "repositoryURL": "https://github.com/Quick/Nimble.git",
        "state": {
          "branch": null,
          "revision": "a63252b16eba6cdebec4e4936388c90552165a68",
          "version": null
        }
      },
      {
        "package": "Quick",
        "repositoryURL": "https://github.com/sunshinejr/Quick.git",
        "state": {
          "branch": "fix/spm_swift4",
          "revision": "9fe84c8b1aa338e76398e398b00d5c54e44e8588",
          "version": null
        }
      }
    ]
  },
  "version": 1
}
