// !$*UTF8*$!
{
	archiveVersion = 1;
	classes = {
	};
	objectVersion = 46;
	objects = {

/* Begin PBXBuildFile section */
		1075D4EBA5A2B55EA59A233C /* Harvey.swift in Sources */ = {isa = PBXBuildFile; fileRef = 6DCD83D8283178B09DEC4D29 /* Harvey.swift */; };
		17AE6D50C853B697F43DF307 /* HarveyURLProtocol.swift in Sources */ = {isa = PBXBuildFile; fileRef = 2D58D1979EED05E38B839832 /* HarveyURLProtocol.swift */; };
		1B064A587EC1AA5158823E97 /* Predicates.swift in Sources */ = {isa = PBXBuildFile; fileRef = F5E5F3C81F689272C13131B1 /* Predicates.swift */; };
		1B8152CE24103245ED9B81B5 /* HarveyTestsDataSource.swift in Sources */ = {isa = PBXBuildFile; fileRef = 82BBC4DCA02E700F17A00C4E /* HarveyTestsDataSource.swift */; };
		50F8A209E4E2462D5F559185 /* LinuxMain.swift in Sources */ = {isa = PBXBuildFile; fileRef = CABE819A6029A6E1D68E0E8A /* LinuxMain.swift */; };
		77141BA5D1D9A92EEEFA3311 /* URLSessionConfiguration+Harvey.swift in Sources */ = {isa = PBXBuildFile; fileRef = 4D950A64C08376783B09F209 /* URLSessionConfiguration+Harvey.swift */; };
		8A633397AA6163E0F89F12FB /* HarveyBasicDataSource.swift in Sources */ = {isa = PBXBuildFile; fileRef = 6E22F2E324DB03F755E0FE3D /* HarveyBasicDataSource.swift */; };
		A80270A80283F44467510AA7 /* HarveyTests.swift in Sources */ = {isa = PBXBuildFile; fileRef = 7F8334E8F36970ABD29EDF61 /* HarveyTests.swift */; };
		CB75789E1724B1FCFB7DD89C /* HarveyDataSourceProtocol.swift in Sources */ = {isa = PBXBuildFile; fileRef = 0EF777DD3C5DBB2EB63480C9 /* HarveyDataSourceProtocol.swift */; };
		DC1EF8938D0763D63711C338 /* Harvey.h in Headers */ = {isa = PBXBuildFile; fileRef = 924E2991E4CDA0045E5FFA75 /* Harvey.h */; settings = {ATTRIBUTES = (Public, ); }; };
		FF32A6CF90B2AE9EA7AB8E34 /* HarveyResponse.swift in Sources */ = {isa = PBXBuildFile; fileRef = 956A4CED2F0ACF6D93A8102B /* HarveyResponse.swift */; };
/* End PBXBuildFile section */

/* Begin PBXContainerItemProxy section */
		1470B954C51844A45B4130C2 /* PBXContainerItemProxy */ = {
			isa = PBXContainerItemProxy;
			containerPortal = E0167CF13BD8A29508DC7550 /* Project object */;
			proxyType = 1;
			remoteGlobalIDString = EC05ED8C9665D75738281EAB;
			remoteInfo = Harvey;
		};
/* End PBXContainerItemProxy section */

/* Begin PBXFileReference section */
		0EF777DD3C5DBB2EB63480C9 /* HarveyDataSourceProtocol.swift */ = {isa = PBXFileReference; includeInIndex = 1; lastKnownFileType = sourcecode.swift; name = HarveyDataSourceProtocol.swift; path = Sources/Harvey/HarveyDataSourceProtocol.swift; sourceTree = "<group>"; };
		2D58D1979EED05E38B839832 /* HarveyURLProtocol.swift */ = {isa = PBXFileReference; includeInIndex = 1; lastKnownFileType = sourcecode.swift; name = HarveyURLProtocol.swift; path = Sources/Harvey/HarveyURLProtocol.swift; sourceTree = "<group>"; };
		4D950A64C08376783B09F209 /* URLSessionConfiguration+Harvey.swift */ = {isa = PBXFileReference; includeInIndex = 1; lastKnownFileType = sourcecode.swift; name = "URLSessionConfiguration+Harvey.swift"; path = "Sources/Harvey/URLSessionConfiguration+Harvey.swift"; sourceTree = "<group>"; };
		6D56FCB748FFAE1A93D35763 /* HarveyTests.xctest */ = {isa = PBXFileReference; explicitFileType = wrapper.cfbundle; includeInIndex = 0; path = HarveyTests.xctest; sourceTree = BUILT_PRODUCTS_DIR; };
		6DCD83D8283178B09DEC4D29 /* Harvey.swift */ = {isa = PBXFileReference; includeInIndex = 1; lastKnownFileType = sourcecode.swift; name = Harvey.swift; path = Sources/Harvey/Harvey.swift; sourceTree = "<group>"; };
		6E22F2E324DB03F755E0FE3D /* HarveyBasicDataSource.swift */ = {isa = PBXFileReference; includeInIndex = 1; lastKnownFileType = sourcecode.swift; name = HarveyBasicDataSource.swift; path = Sources/Harvey/DataSources/HarveyBasicDataSource.swift; sourceTree = "<group>"; };
		7F8334E8F36970ABD29EDF61 /* HarveyTests.swift */ = {isa = PBXFileReference; includeInIndex = 1; lastKnownFileType = sourcecode.swift; name = HarveyTests.swift; path = Tests/HarveyTests/HarveyTests.swift; sourceTree = "<group>"; };
		82BBC4DCA02E700F17A00C4E /* HarveyTestsDataSource.swift */ = {isa = PBXFileReference; includeInIndex = 1; lastKnownFileType = sourcecode.swift; name = HarveyTestsDataSource.swift; path = Tests/HarveyTests/TestHelpers/HarveyTestsDataSource.swift; sourceTree = "<group>"; };
		924E2991E4CDA0045E5FFA75 /* Harvey.h */ = {isa = PBXFileReference; includeInIndex = 1; lastKnownFileType = sourcecode.c.h; name = Harvey.h; path = Sources/Harvey.h; sourceTree = "<group>"; };
		956A4CED2F0ACF6D93A8102B /* HarveyResponse.swift */ = {isa = PBXFileReference; includeInIndex = 1; lastKnownFileType = sourcecode.swift; name = HarveyResponse.swift; path = Sources/Harvey/HarveyResponse.swift; sourceTree = "<group>"; };
		CABE819A6029A6E1D68E0E8A /* LinuxMain.swift */ = {isa = PBXFileReference; includeInIndex = 1; lastKnownFileType = sourcecode.swift; name = LinuxMain.swift; path = Tests/LinuxMain.swift; sourceTree = "<group>"; };
		DAE11B68F22C1C4929769D94 /* Info.plist */ = {isa = PBXFileReference; includeInIndex = 1; lastKnownFileType = text.plist.xml; name = Info.plist; path = Tests/Info.plist; sourceTree = "<group>"; };
		F5E5F3C81F689272C13131B1 /* Predicates.swift */ = {isa = PBXFileReference; includeInIndex = 1; lastKnownFileType = sourcecode.swift; name = Predicates.swift; path = Tests/HarveyTests/TestHelpers/Predicates.swift; sourceTree = "<group>"; };
		F72A1B5CE3970C72E035E596 /* Info.plist */ = {isa = PBXFileReference; includeInIndex = 1; lastKnownFileType = text.plist.xml; name = Info.plist; path = Sources/Info.plist; sourceTree = "<group>"; };
		FAE0F08B535231A0214C44AA /* Harvey.framework */ = {isa = PBXFileReference; explicitFileType = wrapper.framework; includeInIndex = 0; path = Harvey.framework; sourceTree = BUILT_PRODUCTS_DIR; };
/* End PBXFileReference section */

/* Begin PBXFrameworksBuildPhase section */
		2E8DEB488899E048DF6F0A27 /* Frameworks */ = {
			isa = PBXFrameworksBuildPhase;
			buildActionMask = 2147483647;
			files = (
			);
			runOnlyForDeploymentPostprocessing = 0;
		};
		AD641D919742B753922CFEA3 /* Frameworks */ = {
			isa = PBXFrameworksBuildPhase;
			buildActionMask = 2147483647;
			files = (
			);
			runOnlyForDeploymentPostprocessing = 0;
		};
/* End PBXFrameworksBuildPhase section */

/* Begin PBXGroup section */
		1F0FEED9B20EB8E271C97E54 /* HarveyTests */ = {
			isa = PBXGroup;
			children = (
				7F8334E8F36970ABD29EDF61 /* HarveyTests.swift */,
				E54F2F4A4B1D1430E07BB564 /* TestHelpers */,
			);
			name = HarveyTests;
			sourceTree = "<group>";
		};
		43605DFA2602A8446A939D27 /* Tests */ = {
			isa = PBXGroup;
			children = (
				DAE11B68F22C1C4929769D94 /* Info.plist */,
				CABE819A6029A6E1D68E0E8A /* LinuxMain.swift */,
				1F0FEED9B20EB8E271C97E54 /* HarveyTests */,
			);
			name = Tests;
			sourceTree = "<group>";
		};
		A5BF0411A04EBFAEF93828E5 /* Frameworks */ = {
			isa = PBXGroup;
			children = (
			);
			name = Frameworks;
			sourceTree = "<group>";
		};
		BAA72D3D62A9D5840CCE5ADE /* DataSources */ = {
			isa = PBXGroup;
			children = (
				6E22F2E324DB03F755E0FE3D /* HarveyBasicDataSource.swift */,
			);
			name = DataSources;
			sourceTree = "<group>";
		};
		CB769F6B213533D1B98A2B1F = {
			isa = PBXGroup;
			children = (
				EC226707E7DF6950FBEF3B9B /* Products */,
				A5BF0411A04EBFAEF93828E5 /* Frameworks */,
				FA465AAAA173BDF99698A9E2 /* Sources */,
				43605DFA2602A8446A939D27 /* Tests */,
			);
			sourceTree = "<group>";
		};
		E54F2F4A4B1D1430E07BB564 /* TestHelpers */ = {
			isa = PBXGroup;
			children = (
				82BBC4DCA02E700F17A00C4E /* HarveyTestsDataSource.swift */,
				F5E5F3C81F689272C13131B1 /* Predicates.swift */,
			);
			name = TestHelpers;
			sourceTree = "<group>";
		};
		E5689982306C883F086C35AF /* Harvey */ = {
			isa = PBXGroup;
			children = (
				BAA72D3D62A9D5840CCE5ADE /* DataSources */,
				956A4CED2F0ACF6D93A8102B /* HarveyResponse.swift */,
				4D950A64C08376783B09F209 /* URLSessionConfiguration+Harvey.swift */,
				6DCD83D8283178B09DEC4D29 /* Harvey.swift */,
				2D58D1979EED05E38B839832 /* HarveyURLProtocol.swift */,
				0EF777DD3C5DBB2EB63480C9 /* HarveyDataSourceProtocol.swift */,
			);
			name = Harvey;
			sourceTree = "<group>";
		};
		EC226707E7DF6950FBEF3B9B /* Products */ = {
			isa = PBXGroup;
			children = (
				FAE0F08B535231A0214C44AA /* Harvey.framework */,
				6D56FCB748FFAE1A93D35763 /* HarveyTests.xctest */,
			);
			name = Products;
			sourceTree = "<group>";
		};
		FA465AAAA173BDF99698A9E2 /* Sources */ = {
			isa = PBXGroup;
			children = (
				F72A1B5CE3970C72E035E596 /* Info.plist */,
				924E2991E4CDA0045E5FFA75 /* Harvey.h */,
				E5689982306C883F086C35AF /* Harvey */,
			);
			name = Sources;
			sourceTree = "<group>";
		};
/* End PBXGroup section */

/* Begin PBXHeadersBuildPhase section */
		7DBF1C6B96ABF641C01F139F /* Headers */ = {
			isa = PBXHeadersBuildPhase;
			buildActionMask = 2147483647;
			files = (
				DC1EF8938D0763D63711C338 /* Harvey.h in Headers */,
			);
			runOnlyForDeploymentPostprocessing = 0;
		};
/* End PBXHeadersBuildPhase section */

/* Begin PBXNativeTarget section */
		81DDECDF4701DAACC0AAB367 /* HarveyTests */ = {
			isa = PBXNativeTarget;
			buildConfigurationList = 97372E7CE406C36DAC78F287 /* Build configuration list for PBXNativeTarget "HarveyTests" */;
			buildPhases = (
				E932AAFEE9BDC6416BC78D78 /* Sources */,
				230AAE53B6CF91D62BA2C64D /* Resources */,
				2E8DEB488899E048DF6F0A27 /* Frameworks */,
				0A7A3C4BC0F567104D5BC36B /* Copy Carthage Frameworks */,
			);
			buildRules = (
			);
			dependencies = (
				0B289C6B508F6ED5E22EF3D2 /* PBXTargetDependency */,
			);
			name = HarveyTests;
			productName = HarveyTests;
			productReference = 6D56FCB748FFAE1A93D35763 /* HarveyTests.xctest */;
			productType = "com.apple.product-type.bundle.unit-test";
		};
		EC05ED8C9665D75738281EAB /* Harvey */ = {
			isa = PBXNativeTarget;
			buildConfigurationList = 86C2AC77FA409065AF5B786D /* Build configuration list for PBXNativeTarget "Harvey" */;
			buildPhases = (
				7DBF1C6B96ABF641C01F139F /* Headers */,
				94D2B31AD963CE88D556C4C8 /* Sources */,
				29575E4D8A8B82C6957D9BDF /* Resources */,
				AD641D919742B753922CFEA3 /* Frameworks */,
			);
			buildRules = (
			);
			dependencies = (
			);
			name = Harvey;
			productName = Harvey;
			productReference = FAE0F08B535231A0214C44AA /* Harvey.framework */;
			productType = "com.apple.product-type.framework";
		};
/* End PBXNativeTarget section */

/* Begin PBXProject section */
		E0167CF13BD8A29508DC7550 /* Project object */ = {
			isa = PBXProject;
			attributes = {
				LastSwiftUpdateCheck = 0930;
				LastUpgradeCheck = 0930;
			};
			buildConfigurationList = CC6EBB8B903CB86B9AAFCFF5 /* Build configuration list for PBXProject "Harvey" */;
			compatibilityVersion = "Xcode 3.2";
			developmentRegion = English;
			hasScannedForEncodings = 0;
			knownRegions = (
				en,
			);
			mainGroup = CB769F6B213533D1B98A2B1F;
			productRefGroup = EC226707E7DF6950FBEF3B9B /* Products */;
			projectDirPath = "";
			projectRoot = "";
			targets = (
				EC05ED8C9665D75738281EAB /* Harvey */,
				81DDECDF4701DAACC0AAB367 /* HarveyTests */,
			);
		};
/* End PBXProject section */

/* Begin PBXResourcesBuildPhase section */
		230AAE53B6CF91D62BA2C64D /* Resources */ = {
			isa = PBXResourcesBuildPhase;
			buildActionMask = 2147483647;
			files = (
			);
			runOnlyForDeploymentPostprocessing = 0;
		};
		29575E4D8A8B82C6957D9BDF /* Resources */ = {
			isa = PBXResourcesBuildPhase;
			buildActionMask = 2147483647;
			files = (
			);
			runOnlyForDeploymentPostprocessing = 0;
		};
/* End PBXResourcesBuildPhase section */

/* Begin PBXShellScriptBuildPhase section */
		0A7A3C4BC0F567104D5BC36B /* Copy Carthage Frameworks */ = {
			isa = PBXShellScriptBuildPhase;
			buildActionMask = 2147483647;
			files = (
			);
			inputPaths = (
				Quick.framework,
				Nimble.framework,
			);
			name = "Copy Carthage Frameworks";
			outputPaths = (
			);
			runOnlyForDeploymentPostprocessing = 0;
			shellPath = /bin/sh;
			shellScript = "#!/bin/sh\n\ncase \"$PLATFORM_NAME\" in\n    macosx) plat=Mac;;\n    iphone*) plat=iOS;;\n    watch*) plat=watchOS;;\n    appletv*) plat=tvOS;;\n    *) echo \"error: Unknown PLATFORM_NAME: $PLATFORM_NAME\"; exit 1;;\nesac\n\nfor (( n = 0; n < SCRIPT_INPUT_FILE_COUNT; n++ )); do\n    VAR=SCRIPT_INPUT_FILE_$n\n    framework=$(basename \"${!VAR}\")\n    export SCRIPT_INPUT_FILE_$n=\"$SRCROOT\"/Carthage/Build/$plat/\"$framework\"\ndone\n\n/usr/local/bin/carthage copy-frameworks || exit\n\nfor (( n = 0; n < SCRIPT_INPUT_FILE_COUNT; n++ )); do\n    VAR=SCRIPT_INPUT_FILE_$n\n    source=${!VAR}.dSYM\n    dest=${BUILT_PRODUCTS_DIR}/$(basename \"$source\")\n    ditto \"$source\" \"$dest\" || exit\ndone";
			showEnvVarsInLog = 1;
		};
/* End PBXShellScriptBuildPhase section */

/* Begin PBXSourcesBuildPhase section */
		94D2B31AD963CE88D556C4C8 /* Sources */ = {
			isa = PBXSourcesBuildPhase;
			buildActionMask = 2147483647;
			files = (
				8A633397AA6163E0F89F12FB /* HarveyBasicDataSource.swift in Sources */,
				FF32A6CF90B2AE9EA7AB8E34 /* HarveyResponse.swift in Sources */,
				77141BA5D1D9A92EEEFA3311 /* URLSessionConfiguration+Harvey.swift in Sources */,
				1075D4EBA5A2B55EA59A233C /* Harvey.swift in Sources */,
				17AE6D50C853B697F43DF307 /* HarveyURLProtocol.swift in Sources */,
				CB75789E1724B1FCFB7DD89C /* HarveyDataSourceProtocol.swift in Sources */,
			);
			runOnlyForDeploymentPostprocessing = 0;
		};
		E932AAFEE9BDC6416BC78D78 /* Sources */ = {
			isa = PBXSourcesBuildPhase;
			buildActionMask = 2147483647;
			files = (
				50F8A209E4E2462D5F559185 /* LinuxMain.swift in Sources */,
				A80270A80283F44467510AA7 /* HarveyTests.swift in Sources */,
				1B8152CE24103245ED9B81B5 /* HarveyTestsDataSource.swift in Sources */,
				1B064A587EC1AA5158823E97 /* Predicates.swift in Sources */,
			);
			runOnlyForDeploymentPostprocessing = 0;
		};
/* End PBXSourcesBuildPhase section */

/* Begin PBXTargetDependency section */
		0B289C6B508F6ED5E22EF3D2 /* PBXTargetDependency */ = {
			isa = PBXTargetDependency;
			name = Harvey;
			target = EC05ED8C9665D75738281EAB /* Harvey */;
			targetProxy = 1470B954C51844A45B4130C2 /* PBXContainerItemProxy */;
		};
/* End PBXTargetDependency section */

/* Begin XCBuildConfiguration section */
		0BFADDA159EA5DC4296EB456 /* Debug */ = {
			isa = XCBuildConfiguration;
			buildSettings = {
				APPLICATION_EXTENSION_API_ONLY = YES;
				COMBINE_HIDPI_IMAGES = YES;
				CURRENT_PROJECT_VERSION = 1;
				DEFINES_MODULE = YES;
				DYLIB_COMPATIBILITY_VERSION = 1;
				DYLIB_CURRENT_VERSION = 1;
				DYLIB_INSTALL_NAME_BASE = "@rpath";
				FRAMEWORK_VERSION = A;
				INFOPLIST_FILE = Sources/Info.plist;
				INSTALL_PATH = "$(LOCAL_LIBRARY_DIR)/Frameworks";
				IPHONEOS_DEPLOYMENT_TARGET = 9.0;
				LD_RUNPATH_SEARCH_PATHS = "$(inherited) @executable_path/../Frameworks @loader_path/Frameworks";
				MACOSX_DEPLOYMENT_TARGET = 10.10;
				PRODUCT_BUNDLE_IDENTIFIER = com.moya.Harvey;
				PRODUCT_NAME = "$(TARGET_NAME:c99extidentifier)";
				SDKROOT = macosx;
				SKIP_INSTALL = YES;
				SUPPORTED_PLATFORMS = "macosx iphoneos iphonesimulator appletvos appletvsimulator watchos watchsimulator";
				SWIFT_ACTIVE_COMPILATION_CONDITIONS = DEBUG;
				SWIFT_OPTIMIZATION_LEVEL = "-Onone";
				SWIFT_VERSION = 3.0;
				TVOS_DEPLOYMENT_TARGET = 9.0;
				VERSIONING_SYSTEM = "apple-generic";
				VERSION_INFO_PREFIX = "";
				WATCHOS_DEPLOYMENT_TARGET = 2.0;
			};
			name = Debug;
		};
		1019F86C20460C548FEBB263 /* Release */ = {
			isa = XCBuildConfiguration;
			buildSettings = {
				APPLICATION_EXTENSION_API_ONLY = YES;
				COMBINE_HIDPI_IMAGES = YES;
				CURRENT_PROJECT_VERSION = 1;
				DEFINES_MODULE = YES;
				DYLIB_COMPATIBILITY_VERSION = 1;
				DYLIB_CURRENT_VERSION = 1;
				DYLIB_INSTALL_NAME_BASE = "@rpath";
				FRAMEWORK_VERSION = A;
				INFOPLIST_FILE = Sources/Info.plist;
				INSTALL_PATH = "$(LOCAL_LIBRARY_DIR)/Frameworks";
				IPHONEOS_DEPLOYMENT_TARGET = 9.0;
				LD_RUNPATH_SEARCH_PATHS = "$(inherited) @executable_path/../Frameworks @loader_path/Frameworks";
				MACOSX_DEPLOYMENT_TARGET = 10.10;
				PRODUCT_BUNDLE_IDENTIFIER = com.moya.Harvey;
				PRODUCT_NAME = "$(TARGET_NAME:c99extidentifier)";
				SDKROOT = macosx;
				SKIP_INSTALL = YES;
				SUPPORTED_PLATFORMS = "macosx iphoneos iphonesimulator appletvos appletvsimulator watchos watchsimulator";
				SWIFT_OPTIMIZATION_LEVEL = "-Owholemodule";
				SWIFT_VERSION = 3.0;
				TVOS_DEPLOYMENT_TARGET = 9.0;
				VERSIONING_SYSTEM = "apple-generic";
				VERSION_INFO_PREFIX = "";
				WATCHOS_DEPLOYMENT_TARGET = 2.0;
			};
			name = Release;
		};
		7C273F25A5AF32B9D074AF93 /* Release */ = {
			isa = XCBuildConfiguration;
			buildSettings = {
				APPLICATION_EXTENSION_API_ONLY = NO;
				"FRAMEWORK_SEARCH_PATHS[sdk=appletv*]" = "$(SRCROOT)/Carthage/Build/tvOS/ $(inherited)";
				"FRAMEWORK_SEARCH_PATHS[sdk=iphone*]" = "$(SRCROOT)/Carthage/Build/iOS/ $(inherited)";
				"FRAMEWORK_SEARCH_PATHS[sdk=macosx*]" = "$(SRCROOT)/Carthage/Build/Mac/ $(inherited)";
				"FRAMEWORK_SEARCH_PATHS[sdk=watch*]" = "$(SRCROOT)/Carthage/Build/watchOS/ $(inherited)";
				INFOPLIST_FILE = Tests/Info.plist;
				IPHONEOS_DEPLOYMENT_TARGET = 9.0;
				LD_RUNPATH_SEARCH_PATHS = "$(inherited) @executable_path/Frameworks @loader_path/Frameworks";
				"LD_RUNPATH_SEARCH_PATHS[sdk=macosx*]" = "$(inherited) @executable_path/../Frameworks @loader_path/../Frameworks";
				MACOSX_DEPLOYMENT_TARGET = 10.10;
				PRODUCT_BUNDLE_IDENTIFIER = com.moya.HarveyTests;
				SDKROOT = macosx;
				SUPPORTED_PLATFORMS = "macosx iphoneos iphonesimulator appletvos appletvsimulator watchos watchsimulator";
				SWIFT_OPTIMIZATION_LEVEL = "-Owholemodule";
				SWIFT_VERSION = 3.0;
				TVOS_DEPLOYMENT_TARGET = 9.0;
				WATCHOS_DEPLOYMENT_TARGET = 2.0;
			};
			name = Release;
		};
		DA38AA926CBA2B35E10138A4 /* Debug */ = {
			isa = XCBuildConfiguration;
			buildSettings = {
				APPLICATION_EXTENSION_API_ONLY = NO;
				"FRAMEWORK_SEARCH_PATHS[sdk=appletv*]" = "$(SRCROOT)/Carthage/Build/tvOS/ $(inherited)";
				"FRAMEWORK_SEARCH_PATHS[sdk=iphone*]" = "$(SRCROOT)/Carthage/Build/iOS/ $(inherited)";
				"FRAMEWORK_SEARCH_PATHS[sdk=macosx*]" = "$(SRCROOT)/Carthage/Build/Mac/ $(inherited)";
				"FRAMEWORK_SEARCH_PATHS[sdk=watch*]" = "$(SRCROOT)/Carthage/Build/watchOS/ $(inherited)";
				INFOPLIST_FILE = Tests/Info.plist;
				IPHONEOS_DEPLOYMENT_TARGET = 9.0;
				LD_RUNPATH_SEARCH_PATHS = "$(inherited) @executable_path/Frameworks @loader_path/Frameworks";
				"LD_RUNPATH_SEARCH_PATHS[sdk=macosx*]" = "$(inherited) @executable_path/../Frameworks @loader_path/../Frameworks";
				MACOSX_DEPLOYMENT_TARGET = 10.10;
				PRODUCT_BUNDLE_IDENTIFIER = com.moya.HarveyTests;
				SDKROOT = macosx;
				SUPPORTED_PLATFORMS = "macosx iphoneos iphonesimulator appletvos appletvsimulator watchos watchsimulator";
				SWIFT_ACTIVE_COMPILATION_CONDITIONS = DEBUG;
				SWIFT_OPTIMIZATION_LEVEL = "-Onone";
				SWIFT_VERSION = 3.0;
				TVOS_DEPLOYMENT_TARGET = 9.0;
				WATCHOS_DEPLOYMENT_TARGET = 2.0;
			};
			name = Debug;
		};
		E088480E84F07729E6D7A656 /* Debug */ = {
			isa = XCBuildConfiguration;
			buildSettings = {
				ALWAYS_SEARCH_USER_PATHS = NO;
				CLANG_ANALYZER_NONNULL = YES;
				CLANG_ANALYZER_NUMBER_OBJECT_CONVERSION = YES_AGGRESSIVE;
				CLANG_CXX_LANGUAGE_STANDARD = "gnu++14";
				CLANG_CXX_LIBRARY = "libc++";
				CLANG_ENABLE_MODULES = YES;
				CLANG_ENABLE_OBJC_ARC = YES;
				CLANG_ENABLE_OBJC_WEAK = YES;
				CLANG_WARN_BLOCK_CAPTURE_AUTORELEASING = YES;
				CLANG_WARN_BOOL_CONVERSION = YES;
				CLANG_WARN_COMMA = YES;
				CLANG_WARN_CONSTANT_CONVERSION = YES;
				CLANG_WARN_DEPRECATED_OBJC_IMPLEMENTATIONS = YES;
				CLANG_WARN_DIRECT_OBJC_ISA_USAGE = YES_ERROR;
				CLANG_WARN_DOCUMENTATION_COMMENTS = YES;
				CLANG_WARN_EMPTY_BODY = YES;
				CLANG_WARN_ENUM_CONVERSION = YES;
				CLANG_WARN_INFINITE_RECURSION = YES;
				CLANG_WARN_INT_CONVERSION = YES;
				CLANG_WARN_NON_LITERAL_NULL_CONVERSION = YES;
				CLANG_WARN_OBJC_IMPLICIT_RETAIN_SELF = YES;
				CLANG_WARN_OBJC_LITERAL_CONVERSION = YES;
				CLANG_WARN_OBJC_ROOT_CLASS = YES_ERROR;
				CLANG_WARN_RANGE_LOOP_ANALYSIS = YES;
				CLANG_WARN_STRICT_PROTOTYPES = YES;
				CLANG_WARN_SUSPICIOUS_MOVE = YES;
				CLANG_WARN_UNGUARDED_AVAILABILITY = YES_AGGRESSIVE;
				CLANG_WARN_UNREACHABLE_CODE = YES;
				CLANG_WARN__DUPLICATE_METHOD_MATCH = YES;
				CODE_SIGN_IDENTITY = "";
				COMBINE_HIDPI_IMAGES = YES;
				COPY_PHASE_STRIP = NO;
				DEBUG_INFORMATION_FORMAT = dwarf;
				ENABLE_STRICT_OBJC_MSGSEND = YES;
				ENABLE_TESTABILITY = YES;
				GCC_C_LANGUAGE_STANDARD = gnu11;
				GCC_DYNAMIC_NO_PIC = NO;
				GCC_NO_COMMON_BLOCKS = YES;
				GCC_OPTIMIZATION_LEVEL = 0;
				GCC_PREPROCESSOR_DEFINITIONS = (
					"DEBUG=1",
					"$(inherited)",
				);
				GCC_WARN_64_TO_32_BIT_CONVERSION = YES;
				GCC_WARN_ABOUT_RETURN_TYPE = YES_ERROR;
				GCC_WARN_UNDECLARED_SELECTOR = YES;
				GCC_WARN_UNINITIALIZED_AUTOS = YES_AGGRESSIVE;
				GCC_WARN_UNUSED_FUNCTION = YES;
				GCC_WARN_UNUSED_VARIABLE = YES;
				MTL_ENABLE_DEBUG_INFO = YES;
				ONLY_ACTIVE_ARCH = YES;
				PRODUCT_NAME = "$(TARGET_NAME)";
				SDKROOT = macosx;
				SWIFT_OPTIMIZATION_LEVEL = "-Owholemodule";
				TARGETED_DEVICE_FAMILY = "1,2,3,4";
			};
			name = Debug;
		};
		EEC2D647AC8A016EA8B9ED97 /* Release */ = {
			isa = XCBuildConfiguration;
			buildSettings = {
				ALWAYS_SEARCH_USER_PATHS = NO;
				CLANG_ANALYZER_NONNULL = YES;
				CLANG_ANALYZER_NUMBER_OBJECT_CONVERSION = YES_AGGRESSIVE;
				CLANG_CXX_LANGUAGE_STANDARD = "gnu++14";
				CLANG_CXX_LIBRARY = "libc++";
				CLANG_ENABLE_MODULES = YES;
				CLANG_ENABLE_OBJC_ARC = YES;
				CLANG_ENABLE_OBJC_WEAK = YES;
				CLANG_WARN_BLOCK_CAPTURE_AUTORELEASING = YES;
				CLANG_WARN_BOOL_CONVERSION = YES;
				CLANG_WARN_COMMA = YES;
				CLANG_WARN_CONSTANT_CONVERSION = YES;
				CLANG_WARN_DEPRECATED_OBJC_IMPLEMENTATIONS = YES;
				CLANG_WARN_DIRECT_OBJC_ISA_USAGE = YES_ERROR;
				CLANG_WARN_DOCUMENTATION_COMMENTS = YES;
				CLANG_WARN_EMPTY_BODY = YES;
				CLANG_WARN_ENUM_CONVERSION = YES;
				CLANG_WARN_INFINITE_RECURSION = YES;
				CLANG_WARN_INT_CONVERSION = YES;
				CLANG_WARN_NON_LITERAL_NULL_CONVERSION = YES;
				CLANG_WARN_OBJC_IMPLICIT_RETAIN_SELF = YES;
				CLANG_WARN_OBJC_LITERAL_CONVERSION = YES;
				CLANG_WARN_OBJC_ROOT_CLASS = YES_ERROR;
				CLANG_WARN_RANGE_LOOP_ANALYSIS = YES;
				CLANG_WARN_STRICT_PROTOTYPES = YES;
				CLANG_WARN_SUSPICIOUS_MOVE = YES;
				CLANG_WARN_UNGUARDED_AVAILABILITY = YES_AGGRESSIVE;
				CLANG_WARN_UNREACHABLE_CODE = YES;
				CLANG_WARN__DUPLICATE_METHOD_MATCH = YES;
				CODE_SIGN_IDENTITY = "";
				COMBINE_HIDPI_IMAGES = YES;
				COPY_PHASE_STRIP = NO;
				DEBUG_INFORMATION_FORMAT = "dwarf-with-dsym";
				ENABLE_NS_ASSERTIONS = NO;
				ENABLE_STRICT_OBJC_MSGSEND = YES;
				GCC_C_LANGUAGE_STANDARD = gnu11;
				GCC_NO_COMMON_BLOCKS = YES;
				GCC_WARN_64_TO_32_BIT_CONVERSION = YES;
				GCC_WARN_ABOUT_RETURN_TYPE = YES_ERROR;
				GCC_WARN_UNDECLARED_SELECTOR = YES;
				GCC_WARN_UNINITIALIZED_AUTOS = YES_AGGRESSIVE;
				GCC_WARN_UNUSED_FUNCTION = YES;
				GCC_WARN_UNUSED_VARIABLE = YES;
				MTL_ENABLE_DEBUG_INFO = NO;
				PRODUCT_NAME = "$(TARGET_NAME)";
				SDKROOT = macosx;
				SWIFT_OPTIMIZATION_LEVEL = "-Owholemodule";
				TARGETED_DEVICE_FAMILY = "1,2,3,4";
			};
			name = Release;
		};
/* End XCBuildConfiguration section */

/* Begin XCConfigurationList section */
		86C2AC77FA409065AF5B786D /* Build configuration list for PBXNativeTarget "Harvey" */ = {
			isa = XCConfigurationList;
			buildConfigurations = (
				1019F86C20460C548FEBB263 /* Release */,
				0BFADDA159EA5DC4296EB456 /* Debug */,
			);
			defaultConfigurationIsVisible = 0;
			defaultConfigurationName = Release;
		};
		97372E7CE406C36DAC78F287 /* Build configuration list for PBXNativeTarget "HarveyTests" */ = {
			isa = XCConfigurationList;
			buildConfigurations = (
				7C273F25A5AF32B9D074AF93 /* Release */,
				DA38AA926CBA2B35E10138A4 /* Debug */,
			);
			defaultConfigurationIsVisible = 0;
			defaultConfigurationName = Release;
		};
		CC6EBB8B903CB86B9AAFCFF5 /* Build configuration list for PBXProject "Harvey" */ = {
			isa = XCConfigurationList;
			buildConfigurations = (
				E088480E84F07729E6D7A656 /* Debug */,
				EEC2D647AC8A016EA8B9ED97 /* Release */,
			);
			defaultConfigurationIsVisible = 0;
			defaultConfigurationName = Release;
		};
/* End XCConfigurationList section */
	};
	rootObject = E0167CF13BD8A29508DC7550 /* Project object */;
}
